
Microsoft Visual Studio Solution File, Format Version 12.00
# Visual Studio Version 17
VisualStudioVersion = 17.14.36109.1 d17.14
MinimumVisualStudioVersion = 10.0.40219.1
Project("{FAE04EC0-301F-11D3-BF4B-00C04F79EFBC}") = "sipphone3", "sipphone3\sipphone3.csproj", "{33D33CA0-017E-4876-8F73-F489044476D2}"
EndProject
Global
	GlobalSection(SolutionConfigurationPlatforms) = preSolution
		Debug|Any CPU = Debug|Any CPU
		Release|Any CPU = Release|Any CPU
	EndGlobalSection
	GlobalSection(ProjectConfigurationPlatforms) = postSolution
		{33D33CA0-017E-4876-8F73-F489044476D2}.Debug|Any CPU.ActiveCfg = Debug|Any CPU
		{33D33CA0-017E-4876-8F73-F489044476D2}.Debug|Any CPU.Build.0 = Debug|Any CPU
		{33D33CA0-017E-4876-8F73-F489044476D2}.Release|Any CPU.ActiveCfg = Release|Any CPU
		{33D33CA0-017E-4876-8F73-F489044476D2}.Release|Any CPU.Build.0 = Release|Any CPU
	EndGlobalSection
	GlobalSection(SolutionProperties) = preSolution
		HideSolutionNode = FALSE
	EndGlobalSection
	GlobalSection(ExtensibilityGlobals) = postSolution
		SolutionGuid = {6FE85811-5DE9-4904-9AFD-8360624F27E3}
	EndGlobalSection
EndGlobal
